// !$*UTF8*$!
{
	archiveVersion = 1;
	classes = {
	};
	objectVersion = 50;
	objects = {

/* Begin PBXBuildFile section */
		52278AB5225CA37600486326 /* AppDelegate.swift in Sources */ = {isa = PBXBuildFile; fileRef = 52278AB4225CA37600486326 /* AppDelegate.swift */; };
		52278AB7225CA37600486326 /* ViewController.swift in Sources */ = {isa = PBXBuildFile; fileRef = 52278AB6225CA37600486326 /* ViewController.swift */; };
		52278ABA225CA37600486326 /* Main.storyboard in Resources */ = {isa = PBXBuildFile; fileRef = 52278AB8225CA37600486326 /* Main.storyboard */; };
		52278ABC225CA37700486326 /* Assets.xcassets in Resources */ = {isa = PBXBuildFile; fileRef = 52278ABB225CA37700486326 /* Assets.xcassets */; };
		52278ABF225CA37700486326 /* LaunchScreen.storyboard in Resources */ = {isa = PBXBuildFile; fileRef = 52278ABD225CA37700486326 /* LaunchScreen.storyboard */; };
		52278AC8225CC01700486326 /* CommonCode.framework in Frameworks */ = {isa = PBXBuildFile; fileRef = 52278AC6225CC00B00486326 /* CommonCode.framework */; };
		52278AC9225CC01700486326 /* CommonCode.framework in Embed Frameworks */ = {isa = PBXBuildFile; fileRef = 52278AC6225CC00B00486326 /* CommonCode.framework */; settings = {ATTRIBUTES = (CodeSignOnCopy, RemoveHeadersOnCopy, ); }; };
		52278AD0225CDF1300486326 /* quiz.json in Resources */ = {isa = PBXBuildFile; fileRef = 52278ACF225CDF1300486326 /* quiz.json */; };
/* End PBXBuildFile section */

/* Begin PBXCopyFilesBuildPhase section */
		52278ACA225CC01700486326 /* Embed Frameworks */ = {
			isa = PBXCopyFilesBuildPhase;
			buildActionMask = 2147483647;
			dstPath = "";
			dstSubfolderSpec = 10;
			files = (
				52278AC9225CC01700486326 /* CommonCode.framework in Embed Frameworks */,
			);
			name = "Embed Frameworks";
			runOnlyForDeploymentPostprocessing = 0;
		};
/* End PBXCopyFilesBuildPhase section */

/* Begin PBXFileReference section */
		52278AB1225CA37600486326 /* KotlinQuizIOS.app */ = {isa = PBXFileReference; explicitFileType = wrapper.application; includeInIndex = 0; path = KotlinQuizIOS.app; sourceTree = BUILT_PRODUCTS_DIR; };
		52278AB4225CA37600486326 /* AppDelegate.swift */ = {isa = PBXFileReference; lastKnownFileType = sourcecode.swift; name = AppDelegate.swift; path = ../AppDelegate.swift; sourceTree = "<group>"; };
		52278AB6225CA37600486326 /* ViewController.swift */ = {isa = PBXFileReference; lastKnownFileType = sourcecode.swift; name = ViewController.swift; path = ../ViewController.swift; sourceTree = "<group>"; };
		52278AB9225CA37600486326 /* Base */ = {isa = PBXFileReference; lastKnownFileType = file.storyboard; name = Base; path = Base.lproj/Main.storyboard; sourceTree = "<group>"; };
		52278ABB225CA37700486326 /* Assets.xcassets */ = {isa = PBXFileReference; lastKnownFileType = folder.assetcatalog; path = Assets.xcassets; sourceTree = "<group>"; };
		52278ABE225CA37700486326 /* Base */ = {isa = PBXFileReference; lastKnownFileType = file.storyboard; name = Base; path = Base.lproj/LaunchScreen.storyboard; sourceTree = "<group>"; };
		52278AC0225CA37700486326 /* Info.plist */ = {isa = PBXFileReference; lastKnownFileType = text.plist.xml; path = Info.plist; sourceTree = "<group>"; };
		52278AC6225CC00B00486326 /* CommonCode.framework */ = {isa = PBXFileReference; lastKnownFileType = wrapper.framework; name = CommonCode.framework; path = "xcode-frameworks/CommonCode.framework"; sourceTree = "<group>"; };
		52278ACF225CDF1300486326 /* quiz.json */ = {isa = PBXFileReference; fileEncoding = 4; lastKnownFileType = text.json; name = quiz.json; path = ../../../android/src/main/assets/quiz.json; sourceTree = "<group>"; };
/* End PBXFileReference section */

/* Begin PBXFrameworksBuildPhase section */
		52278AAE225CA37600486326 /* Frameworks */ = {
			isa = PBXFrameworksBuildPhase;
			buildActionMask = 2147483647;
			files = (
				52278AC8225CC01700486326 /* CommonCode.framework in Frameworks */,
			);
			runOnlyForDeploymentPostprocessing = 0;
		};
/* End PBXFrameworksBuildPhase section */

/* Begin PBXGroup section */
		364493E5685119BE75E222E5 /* Sources */ = {
			isa = PBXGroup;
			children = (
				52278AB4225CA37600486326 /* AppDelegate.swift */,
				52278AB6225CA37600486326 /* ViewController.swift */,
			);
			path = Sources;
			sourceTree = "<group>";
		};
		52278AA8225CA37600486326 = {
			isa = PBXGroup;
			children = (
				52278AB3225CA37600486326 /* KotlinQuizIOS */,
				52278AB2225CA37600486326 /* Products */,
				52278AC6225CC00B00486326 /* CommonCode.framework */,
			);
			sourceTree = "<group>";
		};
		52278AB2225CA37600486326 /* Products */ = {
			isa = PBXGroup;
			children = (
				52278AB1225CA37600486326 /* KotlinQuizIOS.app */,
			);
			name = Products;
			sourceTree = "<group>";
		};
		52278AB3225CA37600486326 /* KotlinQuizIOS */ = {
			isa = PBXGroup;
			children = (
				52278ACE225CDECE00486326 /* Resources */,
				52278AB8225CA37600486326 /* Main.storyboard */,
				52278ABB225CA37700486326 /* Assets.xcassets */,
				52278ABD225CA37700486326 /* LaunchScreen.storyboard */,
				52278AC0225CA37700486326 /* Info.plist */,
				364493E5685119BE75E222E5 /* Sources */,
			);
			path = KotlinQuizIOS;
			sourceTree = "<group>";
		};
		52278ACE225CDECE00486326 /* Resources */ = {
			isa = PBXGroup;
			children = (
				52278ACF225CDF1300486326 /* quiz.json */,
			);
			path = Resources;
			sourceTree = "<group>";
		};
/* End PBXGroup section */

/* Begin PBXNativeTarget section */
		52278AB0225CA37600486326 /* KotlinQuizIOS */ = {
			isa = PBXNativeTarget;
			buildConfigurationList = 52278AC3225CA37700486326 /* Build configuration list for PBXNativeTarget "KotlinQuizIOS" */;
			buildPhases = (
				52278ACB225CC14F00486326 /* ShellScript */,
				52278AAD225CA37600486326 /* Sources */,
				52278AAE225CA37600486326 /* Frameworks */,
				52278AAF225CA37600486326 /* Resources */,
				52278ACA225CC01700486326 /* Embed Frameworks */,
			);
			buildRules = (
			);
			dependencies = (
			);
			name = KotlinQuizIOS;
			productName = KotlinQuizIOS;
			productReference = 52278AB1225CA37600486326 /* KotlinQuizIOS.app */;
			productType = "com.apple.product-type.application";
		};
/* End PBXNativeTarget section */

/* Begin PBXProject section */
		52278AA9225CA37600486326 /* Project object */ = {
			isa = PBXProject;
			attributes = {
				LastSwiftUpdateCheck = 1010;
				LastUpgradeCheck = 1010;
				ORGANIZATIONNAME = Test;
				TargetAttributes = {
					52278AB0225CA37600486326 = {
						CreatedOnToolsVersion = 10.1;
					};
				};
			};
			buildConfigurationList = 52278AAC225CA37600486326 /* Build configuration list for PBXProject "KotlinQuizIOS" */;
			compatibilityVersion = "Xcode 9.3";
			developmentRegion = en;
			hasScannedForEncodings = 0;
			knownRegions = (
				en,
				Base,
			);
			mainGroup = 52278AA8225CA37600486326;
			productRefGroup = 52278AB2225CA37600486326 /* Products */;
			projectDirPath = "";
			projectRoot = "";
			targets = (
				52278AB0225CA37600486326 /* KotlinQuizIOS */,
			);
		};
/* End PBXProject section */

/* Begin PBXResourcesBuildPhase section */
		52278AAF225CA37600486326 /* Resources */ = {
			isa = PBXResourcesBuildPhase;
			buildActionMask = 2147483647;
			files = (
				52278ABF225CA37700486326 /* LaunchScreen.storyboard in Resources */,
				52278ABC225CA37700486326 /* Assets.xcassets in Resources */,
				52278AD0225CDF1300486326 /* quiz.json in Resources */,
				52278ABA225CA37600486326 /* Main.storyboard in Resources */,
			);
			runOnlyForDeploymentPostprocessing = 0;
		};
/* End PBXResourcesBuildPhase section */

/* Begin PBXShellScriptBuildPhase section */
		52278ACB225CC14F00486326 /* ShellScript */ = {
			isa = PBXShellScriptBuildPhase;
			buildActionMask = 2147483647;
			files = (
			);
			inputFileListPaths = (
			);
			inputPaths = (
			);
			outputFileListPaths = (
			);
			outputPaths = (
			);
			runOnlyForDeploymentPostprocessing = 0;
			shellPath = /bin/sh;
			shellScript = "# Type a script or drag a script file from your workspace to insert its path.\ncd \"$SRCROOT/xcode-frameworks\"\n./gradlew :common:packForXCode -PXCODE_CONFIGURATION=${CONFIGURATION}\n";
		};
/* End PBXShellScriptBuildPhase section */

/* Begin PBXSourcesBuildPhase section */
		52278AAD225CA37600486326 /* Sources */ = {
			isa = PBXSourcesBuildPhase;
			buildActionMask = 2147483647;
			files = (
				52278AB7225CA37600486326 /* ViewController.swift in Sources */,
				52278AB5225CA37600486326 /* AppDelegate.swift in Sources */,
			);
			runOnlyForDeploymentPostprocessing = 0;
		};
/* End PBXSourcesBuildPhase section */

/* Begin PBXVariantGroup section */
		52278AB8225CA37600486326 /* Main.storyboard */ = {
			isa = PBXVariantGroup;
			children = (
				52278AB9225CA37600486326 /* Base */,
			);
			name = Main.storyboard;
			sourceTree = "<group>";
		};
		52278ABD225CA37700486326 /* LaunchScreen.storyboard */ = {
			isa = PBXVariantGroup;
			children = (
				52278ABE225CA37700486326 /* Base */,
			);
			name = LaunchScreen.storyboard;
			sourceTree = "<group>";
		};
/* End PBXVariantGroup section */

/* Begin XCBuildConfiguration section */
		52278AC1225CA37700486326 /* Debug */ = {
			isa = XCBuildConfiguration;
			buildSettings = {
				ALWAYS_SEARCH_USER_PATHS = NO;
				CLANG_ANALYZER_NONNULL = YES;
				CLANG_ANALYZER_NUMBER_OBJECT_CONVERSION = YES_AGGRESSIVE;
				CLANG_CXX_LANGUAGE_STANDARD = "gnu++14";
				CLANG_CXX_LIBRARY = "libc++";
				CLANG_ENABLE_MODULES = YES;
				CLANG_ENABLE_OBJC_ARC = YES;
				CLANG_ENABLE_OBJC_WEAK = YES;
				CLANG_WARN_BLOCK_CAPTURE_AUTORELEASING = YES;
				CLANG_WARN_BOOL_CONVERSION = YES;
				CLANG_WARN_COMMA = YES;
				CLANG_WARN_CONSTANT_CONVERSION = YES;
				CLANG_WARN_DEPRECATED_OBJC_IMPLEMENTATIONS = YES;
				CLANG_WARN_DIRECT_OBJC_ISA_USAGE = YES_ERROR;
				CLANG_WARN_DOCUMENTATION_COMMENTS = YES;
				CLANG_WARN_EMPTY_BODY = YES;
				CLANG_WARN_ENUM_CONVERSION = YES;
				CLANG_WARN_INFINITE_RECURSION = YES;
				CLANG_WARN_INT_CONVERSION = YES;
				CLANG_WARN_NON_LITERAL_NULL_CONVERSION = YES;
				CLANG_WARN_OBJC_IMPLICIT_RETAIN_SELF = YES;
				CLANG_WARN_OBJC_LITERAL_CONVERSION = YES;
				CLANG_WARN_OBJC_ROOT_CLASS = YES_ERROR;
				CLANG_WARN_RANGE_LOOP_ANALYSIS = YES;
				CLANG_WARN_STRICT_PROTOTYPES = YES;
				CLANG_WARN_SUSPICIOUS_MOVE = YES;
				CLANG_WARN_UNGUARDED_AVAILABILITY = YES_AGGRESSIVE;
				CLANG_WARN_UNREACHABLE_CODE = YES;
				CLANG_WARN__DUPLICATE_METHOD_MATCH = YES;
				CODE_SIGN_IDENTITY = "iPhone Developer";
				COPY_PHASE_STRIP = NO;
				DEBUG_INFORMATION_FORMAT = dwarf;
				ENABLE_STRICT_OBJC_MSGSEND = YES;
				ENABLE_TESTABILITY = YES;
				GCC_C_LANGUAGE_STANDARD = gnu11;
				GCC_DYNAMIC_NO_PIC = NO;
				GCC_NO_COMMON_BLOCKS = YES;
				GCC_OPTIMIZATION_LEVEL = 0;
				GCC_PREPROCESSOR_DEFINITIONS = (
					"DEBUG=1",
					"$(inherited)",
				);
				GCC_WARN_64_TO_32_BIT_CONVERSION = YES;
				GCC_WARN_ABOUT_RETURN_TYPE = YES_ERROR;
				GCC_WARN_UNDECLARED_SELECTOR = YES;
				GCC_WARN_UNINITIALIZED_AUTOS = YES_AGGRESSIVE;
				GCC_WARN_UNUSED_FUNCTION = YES;
				GCC_WARN_UNUSED_VARIABLE = YES;
				IPHONEOS_DEPLOYMENT_TARGET = 12.1;
				MTL_ENABLE_DEBUG_INFO = INCLUDE_SOURCE;
				MTL_FAST_MATH = YES;
				ONLY_ACTIVE_ARCH = YES;
				SDKROOT = iphoneos;
				SWIFT_ACTIVE_COMPILATION_CONDITIONS = DEBUG;
				SWIFT_OPTIMIZATION_LEVEL = "-Onone";
			};
			name = Debug;
		};
		52278AC2225CA37700486326 /* Release */ = {
			isa = XCBuildConfiguration;
			buildSettings = {
				ALWAYS_SEARCH_USER_PATHS = NO;
				CLANG_ANALYZER_NONNULL = YES;
				CLANG_ANALYZER_NUMBER_OBJECT_CONVERSION = YES_AGGRESSIVE;
				CLANG_CXX_LANGUAGE_STANDARD = "gnu++14";
				CLANG_CXX_LIBRARY = "libc++";
				CLANG_ENABLE_MODULES = YES;
				CLANG_ENABLE_OBJC_ARC = YES;
				CLANG_ENABLE_OBJC_WEAK = YES;
				CLANG_WARN_BLOCK_CAPTURE_AUTORELEASING = YES;
				CLANG_WARN_BOOL_CONVERSION = YES;
				CLANG_WARN_COMMA = YES;
				CLANG_WARN_CONSTANT_CONVERSION = YES;
				CLANG_WARN_DEPRECATED_OBJC_IMPLEMENTATIONS = YES;
				CLANG_WARN_DIRECT_OBJC_ISA_USAGE = YES_ERROR;
				CLANG_WARN_DOCUMENTATION_COMMENTS = YES;
				CLANG_WARN_EMPTY_BODY = YES;
				CLANG_WARN_ENUM_CONVERSION = YES;
				CLANG_WARN_INFINITE_RECURSION = YES;
				CLANG_WARN_INT_CONVERSION = YES;
				CLANG_WARN_NON_LITERAL_NULL_CONVERSION = YES;
				CLANG_WARN_OBJC_IMPLICIT_RETAIN_SELF = YES;
				CLANG_WARN_OBJC_LITERAL_CONVERSION = YES;
				CLANG_WARN_OBJC_ROOT_CLASS = YES_ERROR;
				CLANG_WARN_RANGE_LOOP_ANALYSIS = YES;
				CLANG_WARN_STRICT_PROTOTYPES = YES;
				CLANG_WARN_SUSPICIOUS_MOVE = YES;
				CLANG_WARN_UNGUARDED_AVAILABILITY = YES_AGGRESSIVE;
				CLANG_WARN_UNREACHABLE_CODE = YES;
				CLANG_WARN__DUPLICATE_METHOD_MATCH = YES;
				CODE_SIGN_IDENTITY = "iPhone Developer";
				COPY_PHASE_STRIP = NO;
				DEBUG_INFORMATION_FORMAT = "dwarf-with-dsym";
				ENABLE_NS_ASSERTIONS = NO;
				ENABLE_STRICT_OBJC_MSGSEND = YES;
				GCC_C_LANGUAGE_STANDARD = gnu11;
				GCC_NO_COMMON_BLOCKS = YES;
				GCC_WARN_64_TO_32_BIT_CONVERSION = YES;
				GCC_WARN_ABOUT_RETURN_TYPE = YES_ERROR;
				GCC_WARN_UNDECLARED_SELECTOR = YES;
				GCC_WARN_UNINITIALIZED_AUTOS = YES_AGGRESSIVE;
				GCC_WARN_UNUSED_FUNCTION = YES;
				GCC_WARN_UNUSED_VARIABLE = YES;
				IPHONEOS_DEPLOYMENT_TARGET = 12.1;
				MTL_ENABLE_DEBUG_INFO = NO;
				MTL_FAST_MATH = YES;
				SDKROOT = iphoneos;
				SWIFT_COMPILATION_MODE = wholemodule;
				SWIFT_OPTIMIZATION_LEVEL = "-O";
				VALIDATE_PRODUCT = YES;
			};
			name = Release;
		};
		52278AC4225CA37700486326 /* Debug */ = {
			isa = XCBuildConfiguration;
			buildSettings = {
				ASSETCATALOG_COMPILER_APPICON_NAME = AppIcon;
				CODE_SIGN_STYLE = Automatic;
				ENABLE_BITCODE = NO;
				FRAMEWORK_SEARCH_PATHS = (
					"$(inherited)",
					"$(PROJECT_DIR)/xcode-frameworks",
				);
				INFOPLIST_FILE = KotlinQuizIOS/Info.plist;
				LD_RUNPATH_SEARCH_PATHS = (
					"$(inherited)",
					"@executable_path/Frameworks",
				);
				PRODUCT_BUNDLE_IDENTIFIER = com.test.KotlinQuizIOS;
				PRODUCT_NAME = "$(TARGET_NAME)";
				SWIFT_VERSION = 4.2;
				TARGETED_DEVICE_FAMILY = "1,2";
			};
			name = Debug;
		};
		52278AC5225CA37700486326 /* Release */ = {
			isa = XCBuildConfiguration;
			buildSettings = {
				ASSETCATALOG_COMPILER_APPICON_NAME = AppIcon;
				CODE_SIGN_STYLE = Automatic;
				ENABLE_BITCODE = NO;
				FRAMEWORK_SEARCH_PATHS = (
					"$(inherited)",
					"$(PROJECT_DIR)/xcode-frameworks",
				);
				INFOPLIST_FILE = KotlinQuizIOS/Info.plist;
				LD_RUNPATH_SEARCH_PATHS = (
					"$(inherited)",
					"@executable_path/Frameworks",
				);
				PRODUCT_BUNDLE_IDENTIFIER = com.test.KotlinQuizIOS;
				PRODUCT_NAME = "$(TARGET_NAME)";
				SWIFT_VERSION = 4.2;
				TARGETED_DEVICE_FAMILY = "1,2";
			};
			name = Release;
		};
/* End XCBuildConfiguration section */

/* Begin XCConfigurationList section */
		52278AAC225CA37600486326 /* Build configuration list for PBXProject "KotlinQuizIOS" */ = {
			isa = XCConfigurationList;
			buildConfigurations = (
				52278AC1225CA37700486326 /* Debug */,
				52278AC2225CA37700486326 /* Release */,
			);
			defaultConfigurationIsVisible = 0;
			defaultConfigurationName = Release;
		};
		52278AC3225CA37700486326 /* Build configuration list for PBXNativeTarget "KotlinQuizIOS" */ = {
			isa = XCConfigurationList;
			buildConfigurations = (
				52278AC4225CA37700486326 /* Debug */,
				52278AC5225CA37700486326 /* Release */,
			);
			defaultConfigurationIsVisible = 0;
			defaultConfigurationName = Release;
		};
/* End XCConfigurationList section */
	};
	rootObject = 52278AA9225CA37600486326 /* Project object */;
}
