<?xml version="1.0" encoding="UTF-8"?>
<Scheme
   version = "1.3">
   <BuildAction>
      <BuildActionEntries>
         <BuildActionEntry
            buildForRunning = "YES">
            <BuildableReference
               BuildableIdentifier = "primary"
               BlueprintIdentifier = "52278AB0225CA37600486326"
               BuildableName = "KotlinQuizIOS.app"
               BlueprintName = "KotlinQuizIOS"
               ReferencedContainer = "container:KotlinQuizIOS.xcodeproj">
            </BuildableReference>
         </BuildActionEntry>
      </BuildActionEntries>
   </BuildAction>
   <LaunchAction
      useCustomWorkingDirectory = "NO"
      buildConfiguration = "Debug"
      allowLocationSimulation = "YES">
      <BuildableProductRunnable>
         <BuildableReference
            BuildableIdentifier = "primary"
            BlueprintIdentifier = "52278AB0225CA37600486326"
            BuildableName = "KotlinQuizIOS.app"
            BlueprintName = "KotlinQuizIOS"
            ReferencedContainer = "container:KotlinQuizIOS.xcodeproj">
         </BuildableReference>
      </BuildableProductRunnable>
   </LaunchAction>
</Scheme>
